
Microsoft Visual Studio Solution File, Format Version 12.00
# Visual Studio Version 16
VisualStudioVersion = 16.0.32602.291
MinimumVisualStudioVersion = 10.0.40219.1
Project("{FAE04EC0-301F-11D3-BF4B-00C04F79EFBC}") = "GenerateReleaseNotes", "GenerateReleaseNotes\GenerateReleaseNotes.csproj", "{C6CB28A2-2159-4C80-A3DD-AA51279C6759}"
EndProject
Global
	GlobalSection(SolutionConfigurationPlatforms) = preSolution
		Debug|Any CPU = Debug|Any CPU
		Release|Any CPU = Release|Any CPU
	EndGlobalSection
	GlobalSection(ProjectConfigurationPlatforms) = postSolution
		{C6CB28A2-2159-4C80-A3DD-AA51279C6759}.Debug|Any CPU.ActiveCfg = Debug|Any CPU
		{C6CB28A2-2159-4C80-A3DD-AA51279C6759}.Debug|Any CPU.Build.0 = Debug|Any CPU
		{C6CB28A2-2159-4C80-A3DD-AA51279C6759}.Release|Any CPU.ActiveCfg = Release|Any CPU
		{C6CB28A2-2159-4C80-A3DD-AA51279C6759}.Release|Any CPU.Build.0 = Release|Any CPU
	EndGlobalSection
	GlobalSection(SolutionProperties) = preSolution
		HideSolutionNode = FALSE
	EndGlobalSection
	GlobalSection(ExtensibilityGlobals) = postSolution
		SolutionGuid = {11DF94D6-5B9D-4EC8-A56C-9348EA2C989C}
	EndGlobalSection
EndGlobal
